# This file is automatically @generated by Cargo.
# It is not intended for manual editing.
version = 4

[[package]]
name = "bit_field"
version = "0.10.3"
source = "registry+https://github.com/rust-lang/crates.io-index"
checksum = "1e4b40c7323adcfc0a41c4b88143ed58346ff65a288fc144329c5c45e05d70c6"

[[package]]
name = "bitflags"
version = "2.9.4"
source = "registry+https://github.com/rust-lang/crates.io-index"
checksum = "2261d10cca569e4643e526d8dc2e62e433cc8aba21ab764233731f8d369bf394"

[[package]]
name = "cfg-if"
version = "1.0.3"
source = "registry+https://github.com/rust-lang/crates.io-index"
checksum = "2fd1289c04a9ea8cb22300a459a72a385d7c73d3259e2ed7dcb2af674838cfa9"

[[package]]
name = "log"
version = "0.4.27"
source = "registry+https://github.com/rust-lang/crates.io-index"
checksum = "13dc2df351e3202783a1fe0d44375f7295ffb4049267b0f3018346dc122a1d94"

[[package]]
name = "os-src"
version = "0.1.0"
dependencies = [
 "log",
 "uefi",
]

[[package]]
name = "proc-macro2"
version = "1.0.101"
source = "registry+https://github.com/rust-lang/crates.io-index"
checksum = "89ae43fd86e4158d6db51ad8e2b80f313af9cc74f5c0e03ccb87de09998732de"
dependencies = [
 "unicode-ident",
]

[[package]]
name = "ptr_meta"
version = "0.3.1"
source = "registry+https://github.com/rust-lang/crates.io-index"
checksum = "0b9a0cf95a1196af61d4f1cbdab967179516d9a4a4312af1f31948f8f6224a79"
dependencies = [
 "ptr_meta_derive",
]

[[package]]
name = "ptr_meta_derive"
version = "0.3.1"
source = "registry+https://github.com/rust-lang/crates.io-index"
checksum = "7347867d0a7e1208d93b46767be83e2b8f978c3dad35f775ac8d8847551d6fe1"
dependencies = [
 "proc-macro2",
 "quote",
 "syn",
]

[[package]]
name = "quote"
version = "1.0.41"
source = "registry+https://github.com/rust-lang/crates.io-index"
checksum = "ce25767e7b499d1b604768e7cde645d14cc8584231ea6b295e9c9eb22c02e1d1"
dependencies = [
 "proc-macro2",
]

[[package]]
name = "syn"
version = "2.0.106"
source = "registry+https://github.com/rust-lang/crates.io-index"
checksum = "ede7c438028d4436d71104916910f5bb611972c5cfd7f89b8300a8186e6fada6"
dependencies = [
 "proc-macro2",
 "quote",
 "unicode-ident",
]

[[package]]
name = "ucs2"
version = "0.3.3"
source = "registry+https://github.com/rust-lang/crates.io-index"
checksum = "df79298e11f316400c57ec268f3c2c29ac3c4d4777687955cd3d4f3a35ce7eba"
dependencies = [
 "bit_field",
]

[[package]]
name = "uefi"
version = "0.35.0"
source = "registry+https://github.com/rust-lang/crates.io-index"
checksum = "da7569ceafb898907ff764629bac90ac24ba4203c38c33ef79ee88c74aa35b11"
dependencies = [
 "bitflags",
 "cfg-if",
 "log",
 "ptr_meta",
 "ucs2",
 "uefi-macros",
 "uefi-raw",
 "uguid",
]

[[package]]
name = "uefi-macros"
version = "0.18.1"
source = "registry+https://github.com/rust-lang/crates.io-index"
checksum = "b3dad47b3af8f99116c0f6d4d669c439487d9aaf1c8d9480d686cda6f3a8aa23"
dependencies = [
 "proc-macro2",
 "quote",
 "syn",
]

[[package]]
name = "uefi-raw"
version = "0.11.0"
source = "registry+https://github.com/rust-lang/crates.io-index"
checksum = "7cad96b8baaf1615d3fdd0f03d04a0b487d857c1b51b19dcbfe05e2e3c447b78"
dependencies = [
 "bitflags",
 "uguid",
]

[[package]]
name = "uguid"
version = "2.2.0"
source = "registry+https://github.com/rust-lang/crates.io-index"
checksum = "ab14ea9660d240e7865ce9d54ecdbd1cd9fa5802ae6f4512f093c7907e921533"

[[package]]
name = "unicode-ident"
version = "1.0.19"
source = "registry+https://github.com/rust-lang/crates.io-index"
checksum = "f63a545481291138910575129486daeaf8ac54aee4387fe7906919f7830c7d9d"
